// !$*UTF8*$!
{
	archiveVersion = 1;
	classes = {
	};
	objectVersion = 50;
	objects = {

/* Begin PBXBuildFile section */
		C470E72C2331108200842FB9 /* AppDelegate.swift in Sources */ = {isa = PBXBuildFile; fileRef = C470E72B2331108200842FB9 /* AppDelegate.swift */; };
		C470E72E2331108200842FB9 /* ViewController.swift in Sources */ = {isa = PBXBuildFile; fileRef = C470E72D2331108200842FB9 /* ViewController.swift */; };
		C470E7312331108200842FB9 /* Main.storyboard in Resources */ = {isa = PBXBuildFile; fileRef = C470E72F2331108200842FB9 /* Main.storyboard */; };
		C470E7332331108500842FB9 /* Assets.xcassets in Resources */ = {isa = PBXBuildFile; fileRef = C470E7322331108500842FB9 /* Assets.xcassets */; };
		C470E7362331108500842FB9 /* LaunchScreen.storyboard in Resources */ = {isa = PBXBuildFile; fileRef = C470E7342331108500842FB9 /* LaunchScreen.storyboard */; };
		C470E73E2331236D00842FB9 /* recources in Resources */ = {isa = PBXBuildFile; fileRef = C470E73D2331236C00842FB9 /* recources */; };
		C470E741233131F300842FB9 /* lamb.wav in Resources */ = {isa = PBXBuildFile; fileRef = C470E740233131F300842FB9 /* lamb.wav */; };
		C470E74B233132CD00842FB9 /* wolf.wav in Resources */ = {isa = PBXBuildFile; fileRef = C470E74A233132CD00842FB9 /* wolf.wav */; };
		C470E74D233132D300842FB9 /* huuhkaja_norther_eagle_owl.mp3 in Resources */ = {isa = PBXBuildFile; fileRef = C470E74C233132D300842FB9 /* huuhkaja_norther_eagle_owl.mp3 */; };
		C470E74F233132D900842FB9 /* peippo_chaffinch.mp3 in Resources */ = {isa = PBXBuildFile; fileRef = C470E74E233132D900842FB9 /* peippo_chaffinch.mp3 */; };
		C470E751233132DE00842FB9 /* peukaloinen_wren.mp3 in Resources */ = {isa = PBXBuildFile; fileRef = C470E750233132DE00842FB9 /* peukaloinen_wren.mp3 */; };
		C470E753233132E300842FB9 /* punatulkku_northern_bullfinch.mp3 in Resources */ = {isa = PBXBuildFile; fileRef = C470E752233132E300842FB9 /* punatulkku_northern_bullfinch.mp3 */; };
		C470E7552331331400842FB9 /* bear.wav in Resources */ = {isa = PBXBuildFile; fileRef = C470E7542331331400842FB9 /* bear.wav */; };
		C470E7572331333300842FB9 /* elephant.wav in Resources */ = {isa = PBXBuildFile; fileRef = C470E7562331333300842FB9 /* elephant.wav */; };
/* End PBXBuildFile section */

/* Begin PBXFileReference section */
		C470E7282331108200842FB9 /* lab4.1.app */ = {isa = PBXFileReference; explicitFileType = wrapper.application; includeInIndex = 0; path = lab4.1.app; sourceTree = BUILT_PRODUCTS_DIR; };
		C470E72B2331108200842FB9 /* AppDelegate.swift */ = {isa = PBXFileReference; lastKnownFileType = sourcecode.swift; path = AppDelegate.swift; sourceTree = "<group>"; };
		C470E72D2331108200842FB9 /* ViewController.swift */ = {isa = PBXFileReference; lastKnownFileType = sourcecode.swift; path = ViewController.swift; sourceTree = "<group>"; };
		C470E7302331108200842FB9 /* Base */ = {isa = PBXFileReference; lastKnownFileType = file.storyboard; name = Base; path = Base.lproj/Main.storyboard; sourceTree = "<group>"; };
		C470E7322331108500842FB9 /* Assets.xcassets */ = {isa = PBXFileReference; lastKnownFileType = folder.assetcatalog; path = Assets.xcassets; sourceTree = "<group>"; };
		C470E7352331108500842FB9 /* Base */ = {isa = PBXFileReference; lastKnownFileType = file.storyboard; name = Base; path = Base.lproj/LaunchScreen.storyboard; sourceTree = "<group>"; };
		C470E7372331108500842FB9 /* Info.plist */ = {isa = PBXFileReference; lastKnownFileType = text.plist.xml; path = Info.plist; sourceTree = "<group>"; };
		C470E73D2331236C00842FB9 /* recources */ = {isa = PBXFileReference; lastKnownFileType = folder; path = recources; sourceTree = "<group>"; };
		C470E740233131F300842FB9 /* lamb.wav */ = {isa = PBXFileReference; lastKnownFileType = audio.wav; path = lamb.wav; sourceTree = "<group>"; };
		C470E74A233132CD00842FB9 /* wolf.wav */ = {isa = PBXFileReference; lastKnownFileType = audio.wav; path = wolf.wav; sourceTree = "<group>"; };
		C470E74C233132D300842FB9 /* huuhkaja_norther_eagle_owl.mp3 */ = {isa = PBXFileReference; lastKnownFileType = audio.mp3; path = huuhkaja_norther_eagle_owl.mp3; sourceTree = "<group>"; };
		C470E74E233132D900842FB9 /* peippo_chaffinch.mp3 */ = {isa = PBXFileReference; lastKnownFileType = audio.mp3; path = peippo_chaffinch.mp3; sourceTree = "<group>"; };
		C470E750233132DE00842FB9 /* peukaloinen_wren.mp3 */ = {isa = PBXFileReference; lastKnownFileType = audio.mp3; path = peukaloinen_wren.mp3; sourceTree = "<group>"; };
		C470E752233132E300842FB9 /* punatulkku_northern_bullfinch.mp3 */ = {isa = PBXFileReference; lastKnownFileType = audio.mp3; path = punatulkku_northern_bullfinch.mp3; sourceTree = "<group>"; };
		C470E7542331331400842FB9 /* bear.wav */ = {isa = PBXFileReference; lastKnownFileType = audio.wav; path = bear.wav; sourceTree = "<group>"; };
		C470E7562331333300842FB9 /* elephant.wav */ = {isa = PBXFileReference; lastKnownFileType = audio.wav; path = elephant.wav; sourceTree = "<group>"; };
/* End PBXFileReference section */

/* Begin PBXFrameworksBuildPhase section */
		C470E7252331108200842FB9 /* Frameworks */ = {
			isa = PBXFrameworksBuildPhase;
			buildActionMask = 2147483647;
			files = (
			);
			runOnlyForDeploymentPostprocessing = 0;
		};
/* End PBXFrameworksBuildPhase section */

/* Begin PBXGroup section */
		C470E71F2331108200842FB9 = {
			isa = PBXGroup;
			children = (
				C470E72A2331108200842FB9 /* lab4.1 */,
				C470E7292331108200842FB9 /* Products */,
			);
			sourceTree = "<group>";
		};
		C470E7292331108200842FB9 /* Products */ = {
			isa = PBXGroup;
			children = (
				C470E7282331108200842FB9 /* lab4.1.app */,
			);
			name = Products;
			sourceTree = "<group>";
		};
		C470E72A2331108200842FB9 /* lab4.1 */ = {
			isa = PBXGroup;
			children = (
				C470E73D2331236C00842FB9 /* recources */,
				C470E72B2331108200842FB9 /* AppDelegate.swift */,
				C470E72D2331108200842FB9 /* ViewController.swift */,
				C470E72F2331108200842FB9 /* Main.storyboard */,
				C470E74A233132CD00842FB9 /* wolf.wav */,
				C470E750233132DE00842FB9 /* peukaloinen_wren.mp3 */,
				C470E752233132E300842FB9 /* punatulkku_northern_bullfinch.mp3 */,
				C470E74E233132D900842FB9 /* peippo_chaffinch.mp3 */,
				C470E7562331333300842FB9 /* elephant.wav */,
				C470E74C233132D300842FB9 /* huuhkaja_norther_eagle_owl.mp3 */,
				C470E7542331331400842FB9 /* bear.wav */,
				C470E740233131F300842FB9 /* lamb.wav */,
				C470E7322331108500842FB9 /* Assets.xcassets */,
				C470E7342331108500842FB9 /* LaunchScreen.storyboard */,
				C470E7372331108500842FB9 /* Info.plist */,
			);
			path = lab4.1;
			sourceTree = "<group>";
		};
/* End PBXGroup section */

/* Begin PBXNativeTarget section */
		C470E7272331108200842FB9 /* lab4.1 */ = {
			isa = PBXNativeTarget;
			buildConfigurationList = C470E73A2331108500842FB9 /* Build configuration list for PBXNativeTarget "lab4.1" */;
			buildPhases = (
				C470E7242331108200842FB9 /* Sources */,
				C470E7252331108200842FB9 /* Frameworks */,
				C470E7262331108200842FB9 /* Resources */,
			);
			buildRules = (
			);
			dependencies = (
			);
			name = lab4.1;
			productName = lab4.1;
			productReference = C470E7282331108200842FB9 /* lab4.1.app */;
			productType = "com.apple.product-type.application";
		};
/* End PBXNativeTarget section */

/* Begin PBXProject section */
		C470E7202331108200842FB9 /* Project object */ = {
			isa = PBXProject;
			attributes = {
				LastSwiftUpdateCheck = 1030;
				LastUpgradeCheck = 1030;
				ORGANIZATIONNAME = "Toni Kontio";
				TargetAttributes = {
					C470E7272331108200842FB9 = {
						CreatedOnToolsVersion = 10.3;
					};
				};
			};
			buildConfigurationList = C470E7232331108200842FB9 /* Build configuration list for PBXProject "lab4.1" */;
			compatibilityVersion = "Xcode 9.3";
			developmentRegion = en;
			hasScannedForEncodings = 0;
			knownRegions = (
				en,
				Base,
			);
			mainGroup = C470E71F2331108200842FB9;
			productRefGroup = C470E7292331108200842FB9 /* Products */;
			projectDirPath = "";
			projectRoot = "";
			targets = (
				C470E7272331108200842FB9 /* lab4.1 */,
			);
		};
/* End PBXProject section */

/* Begin PBXResourcesBuildPhase section */
		C470E7262331108200842FB9 /* Resources */ = {
			isa = PBXResourcesBuildPhase;
			buildActionMask = 2147483647;
			files = (
				C470E7552331331400842FB9 /* bear.wav in Resources */,
				C470E7572331333300842FB9 /* elephant.wav in Resources */,
				C470E74F233132D900842FB9 /* peippo_chaffinch.mp3 in Resources */,
				C470E74B233132CD00842FB9 /* wolf.wav in Resources */,
				C470E74D233132D300842FB9 /* huuhkaja_norther_eagle_owl.mp3 in Resources */,
				C470E741233131F300842FB9 /* lamb.wav in Resources */,
				C470E753233132E300842FB9 /* punatulkku_northern_bullfinch.mp3 in Resources */,
				C470E73E2331236D00842FB9 /* recources in Resources */,
				C470E751233132DE00842FB9 /* peukaloinen_wren.mp3 in Resources */,
				C470E7362331108500842FB9 /* LaunchScreen.storyboard in Resources */,
				C470E7332331108500842FB9 /* Assets.xcassets in Resources */,
				C470E7312331108200842FB9 /* Main.storyboard in Resources */,
			);
			runOnlyForDeploymentPostprocessing = 0;
		};
/* End PBXResourcesBuildPhase section */

/* Begin PBXSourcesBuildPhase section */
		C470E7242331108200842FB9 /* Sources */ = {
			isa = PBXSourcesBuildPhase;
			buildActionMask = 2147483647;
			files = (
				C470E72E2331108200842FB9 /* ViewController.swift in Sources */,
				C470E72C2331108200842FB9 /* AppDelegate.swift in Sources */,
			);
			runOnlyForDeploymentPostprocessing = 0;
		};
/* End PBXSourcesBuildPhase section */

/* Begin PBXVariantGroup section */
		C470E72F2331108200842FB9 /* Main.storyboard */ = {
			isa = PBXVariantGroup;
			children = (
				C470E7302331108200842FB9 /* Base */,
			);
			name = Main.storyboard;
			sourceTree = "<group>";
		};
		C470E7342331108500842FB9 /* LaunchScreen.storyboard */ = {
			isa = PBXVariantGroup;
			children = (
				C470E7352331108500842FB9 /* Base */,
			);
			name = LaunchScreen.storyboard;
			sourceTree = "<group>";
		};
/* End PBXVariantGroup section */

/* Begin XCBuildConfiguration section */
		C470E7382331108500842FB9 /* Debug */ = {
			isa = XCBuildConfiguration;
			buildSettings = {
				ALWAYS_SEARCH_USER_PATHS = NO;
				CLANG_ANALYZER_NONNULL = YES;
				CLANG_ANALYZER_NUMBER_OBJECT_CONVERSION = YES_AGGRESSIVE;
				CLANG_CXX_LANGUAGE_STANDARD = "gnu++14";
				CLANG_CXX_LIBRARY = "libc++";
				CLANG_ENABLE_MODULES = YES;
				CLANG_ENABLE_OBJC_ARC = YES;
				CLANG_ENABLE_OBJC_WEAK = YES;
				CLANG_WARN_BLOCK_CAPTURE_AUTORELEASING = YES;
				CLANG_WARN_BOOL_CONVERSION = YES;
				CLANG_WARN_COMMA = YES;
				CLANG_WARN_CONSTANT_CONVERSION = YES;
				CLANG_WARN_DEPRECATED_OBJC_IMPLEMENTATIONS = YES;
				CLANG_WARN_DIRECT_OBJC_ISA_USAGE = YES_ERROR;
				CLANG_WARN_DOCUMENTATION_COMMENTS = YES;
				CLANG_WARN_EMPTY_BODY = YES;
				CLANG_WARN_ENUM_CONVERSION = YES;
				CLANG_WARN_INFINITE_RECURSION = YES;
				CLANG_WARN_INT_CONVERSION = YES;
				CLANG_WARN_NON_LITERAL_NULL_CONVERSION = YES;
				CLANG_WARN_OBJC_IMPLICIT_RETAIN_SELF = YES;
				CLANG_WARN_OBJC_LITERAL_CONVERSION = YES;
				CLANG_WARN_OBJC_ROOT_CLASS = YES_ERROR;
				CLANG_WARN_RANGE_LOOP_ANALYSIS = YES;
				CLANG_WARN_STRICT_PROTOTYPES = YES;
				CLANG_WARN_SUSPICIOUS_MOVE = YES;
				CLANG_WARN_UNGUARDED_AVAILABILITY = YES_AGGRESSIVE;
				CLANG_WARN_UNREACHABLE_CODE = YES;
				CLANG_WARN__DUPLICATE_METHOD_MATCH = YES;
				CODE_SIGN_IDENTITY = "iPhone Developer";
				COPY_PHASE_STRIP = NO;
				DEBUG_INFORMATION_FORMAT = dwarf;
				ENABLE_STRICT_OBJC_MSGSEND = YES;
				ENABLE_TESTABILITY = YES;
				GCC_C_LANGUAGE_STANDARD = gnu11;
				GCC_DYNAMIC_NO_PIC = NO;
				GCC_NO_COMMON_BLOCKS = YES;
				GCC_OPTIMIZATION_LEVEL = 0;
				GCC_PREPROCESSOR_DEFINITIONS = (
					"DEBUG=1",
					"$(inherited)",
				);
				GCC_WARN_64_TO_32_BIT_CONVERSION = YES;
				GCC_WARN_ABOUT_RETURN_TYPE = YES_ERROR;
				GCC_WARN_UNDECLARED_SELECTOR = YES;
				GCC_WARN_UNINITIALIZED_AUTOS = YES_AGGRESSIVE;
				GCC_WARN_UNUSED_FUNCTION = YES;
				GCC_WARN_UNUSED_VARIABLE = YES;
				IPHONEOS_DEPLOYMENT_TARGET = 12.4;
				MTL_ENABLE_DEBUG_INFO = INCLUDE_SOURCE;
				MTL_FAST_MATH = YES;
				ONLY_ACTIVE_ARCH = YES;
				SDKROOT = iphoneos;
				SWIFT_ACTIVE_COMPILATION_CONDITIONS = DEBUG;
				SWIFT_OPTIMIZATION_LEVEL = "-Onone";
			};
			name = Debug;
		};
		C470E7392331108500842FB9 /* Release */ = {
			isa = XCBuildConfiguration;
			buildSettings = {
				ALWAYS_SEARCH_USER_PATHS = NO;
				CLANG_ANALYZER_NONNULL = YES;
				CLANG_ANALYZER_NUMBER_OBJECT_CONVERSION = YES_AGGRESSIVE;
				CLANG_CXX_LANGUAGE_STANDARD = "gnu++14";
				CLANG_CXX_LIBRARY = "libc++";
				CLANG_ENABLE_MODULES = YES;
				CLANG_ENABLE_OBJC_ARC = YES;
				CLANG_ENABLE_OBJC_WEAK = YES;
				CLANG_WARN_BLOCK_CAPTURE_AUTORELEASING = YES;
				CLANG_WARN_BOOL_CONVERSION = YES;
				CLANG_WARN_COMMA = YES;
				CLANG_WARN_CONSTANT_CONVERSION = YES;
				CLANG_WARN_DEPRECATED_OBJC_IMPLEMENTATIONS = YES;
				CLANG_WARN_DIRECT_OBJC_ISA_USAGE = YES_ERROR;
				CLANG_WARN_DOCUMENTATION_COMMENTS = YES;
				CLANG_WARN_EMPTY_BODY = YES;
				CLANG_WARN_ENUM_CONVERSION = YES;
				CLANG_WARN_INFINITE_RECURSION = YES;
				CLANG_WARN_INT_CONVERSION = YES;
				CLANG_WARN_NON_LITERAL_NULL_CONVERSION = YES;
				CLANG_WARN_OBJC_IMPLICIT_RETAIN_SELF = YES;
				CLANG_WARN_OBJC_LITERAL_CONVERSION = YES;
				CLANG_WARN_OBJC_ROOT_CLASS = YES_ERROR;
				CLANG_WARN_RANGE_LOOP_ANALYSIS = YES;
				CLANG_WARN_STRICT_PROTOTYPES = YES;
				CLANG_WARN_SUSPICIOUS_MOVE = YES;
				CLANG_WARN_UNGUARDED_AVAILABILITY = YES_AGGRESSIVE;
				CLANG_WARN_UNREACHABLE_CODE = YES;
				CLANG_WARN__DUPLICATE_METHOD_MATCH = YES;
				CODE_SIGN_IDENTITY = "iPhone Developer";
				COPY_PHASE_STRIP = NO;
				DEBUG_INFORMATION_FORMAT = "dwarf-with-dsym";
				ENABLE_NS_ASSERTIONS = NO;
				ENABLE_STRICT_OBJC_MSGSEND = YES;
				GCC_C_LANGUAGE_STANDARD = gnu11;
				GCC_NO_COMMON_BLOCKS = YES;
				GCC_WARN_64_TO_32_BIT_CONVERSION = YES;
				GCC_WARN_ABOUT_RETURN_TYPE = YES_ERROR;
				GCC_WARN_UNDECLARED_SELECTOR = YES;
				GCC_WARN_UNINITIALIZED_AUTOS = YES_AGGRESSIVE;
				GCC_WARN_UNUSED_FUNCTION = YES;
				GCC_WARN_UNUSED_VARIABLE = YES;
				IPHONEOS_DEPLOYMENT_TARGET = 12.4;
				MTL_ENABLE_DEBUG_INFO = NO;
				MTL_FAST_MATH = YES;
				SDKROOT = iphoneos;
				SWIFT_COMPILATION_MODE = wholemodule;
				SWIFT_OPTIMIZATION_LEVEL = "-O";
				VALIDATE_PRODUCT = YES;
			};
			name = Release;
		};
		C470E73B2331108500842FB9 /* Debug */ = {
			isa = XCBuildConfiguration;
			buildSettings = {
				ASSETCATALOG_COMPILER_APPICON_NAME = AppIcon;
				CODE_SIGN_STYLE = Automatic;
				INFOPLIST_FILE = lab4.1/Info.plist;
				LD_RUNPATH_SEARCH_PATHS = (
					"$(inherited)",
					"@executable_path/Frameworks",
				);
				PRODUCT_BUNDLE_IDENTIFIER = "Oamk.lab4-1";
				PRODUCT_NAME = "$(TARGET_NAME)";
				SWIFT_VERSION = 5.0;
				TARGETED_DEVICE_FAMILY = "1,2";
			};
			name = Debug;
		};
		C470E73C2331108500842FB9 /* Release */ = {
			isa = XCBuildConfiguration;
			buildSettings = {
				ASSETCATALOG_COMPILER_APPICON_NAME = AppIcon;
				CODE_SIGN_STYLE = Automatic;
				INFOPLIST_FILE = lab4.1/Info.plist;
				LD_RUNPATH_SEARCH_PATHS = (
					"$(inherited)",
					"@executable_path/Frameworks",
				);
				PRODUCT_BUNDLE_IDENTIFIER = "Oamk.lab4-1";
				PRODUCT_NAME = "$(TARGET_NAME)";
				SWIFT_VERSION = 5.0;
				TARGETED_DEVICE_FAMILY = "1,2";
			};
			name = Release;
		};
/* End XCBuildConfiguration section */

/* Begin XCConfigurationList section */
		C470E7232331108200842FB9 /* Build configuration list for PBXProject "lab4.1" */ = {
			isa = XCConfigurationList;
			buildConfigurations = (
				C470E7382331108500842FB9 /* Debug */,
				C470E7392331108500842FB9 /* Release */,
			);
			defaultConfigurationIsVisible = 0;
			defaultConfigurationName = Release;
		};
		C470E73A2331108500842FB9 /* Build configuration list for PBXNativeTarget "lab4.1" */ = {
			isa = XCConfigurationList;
			buildConfigurations = (
				C470E73B2331108500842FB9 /* Debug */,
				C470E73C2331108500842FB9 /* Release */,
			);
			defaultConfigurationIsVisible = 0;
			defaultConfigurationName = Release;
		};
/* End XCConfigurationList section */
	};
	rootObject = C470E7202331108200842FB9 /* Project object */;
}
